{
  "nodes": {
    "agenix": {
      "inputs": {
        "darwin": "darwin",
        "home-manager": "home-manager",
        "nixpkgs": [
          "nixpkgs"
        ],
        "systems": "systems"
      },
      "locked": {
        "lastModified": 1770165109,
        "narHash": "sha256-9VnK6Oqai65puVJ4WYtCTvlJeXxMzAp/69HhQuTdl/I=",
        "owner": "ryantm",
        "repo": "agenix",
        "rev": "b027ee29d959fda4b60b57566d64c98a202e0feb",
        "type": "github"
      },
      "original": {
        "owner": "ryantm",
        "repo": "agenix",
        "type": "github"
      }
    },
    "anthropic-skills": {
      "flake": false,
      "locked": {
        "lastModified": 1781037316,
        "narHash": "sha256-1D9otXxDvmKASBu/vtAEWv6kE+U+jG4OxZpRLZbGEF0=",
        "owner": "anthropics",
        "repo": "skills",
        "rev": "57546260929473d4e0d1c1bb75297be2fdfa1949",
        "type": "github"
      },
      "original": {
        "owner": "anthropics",
        "repo": "skills",
        "type": "github"
      }
    },
    "cavemacs": {
      "inputs": {
        "flake-utils": "flake-utils",
        "nixpkgs": [
          "nixpkgs"
        ]
      },
      "locked": {
        "lastModified": 1781657180,
        "narHash": "sha256-sv02adrnw3WbqyLnp9Qlcq+IxJtZqO0Z1W9s/6EDZ5k=",
        "owner": "spencerharmon",
        "repo": "cavemacs",
        "rev": "52047765e3e62d287516fac1cf0f7b2d70d923b5",
        "type": "github"
      },
      "original": {
        "owner": "spencerharmon",
        "ref": "v0.0.52",
        "repo": "cavemacs",
        "type": "github"
      }
    },
    "caveman-skill": {
      "flake": false,
      "locked": {
        "lastModified": 1779273824,
        "narHash": "sha256-BydREt/vai3j7kO5+e1OxsjXf6Vy+jSY1yA/yyxjHbI=",
        "owner": "JuliusBrussee",
        "repo": "caveman",
        "rev": "655b7d9c5431f822264b7732e9901c5578ac84cf",
        "type": "github"
      },
      "original": {
        "owner": "JuliusBrussee",
        "repo": "caveman",
        "type": "github"
      }
    },
    "darwin": {
      "inputs": {
        "nixpkgs": [
          "agenix",
          "nixpkgs"
        ]
      },
      "locked": {
        "lastModified": 1744478979,
        "narHash": "sha256-dyN+teG9G82G+m+PX/aSAagkC+vUv0SgUw3XkPhQodQ=",
        "owner": "lnl7",
        "repo": "nix-darwin",
        "rev": "43975d782b418ebf4969e9ccba82466728c2851b",
        "type": "github"
      },
      "original": {
        "owner": "lnl7",
        "ref": "master",
        "repo": "nix-darwin",
        "type": "github"
      }
    },
    "deploy-rs": {
      "inputs": {
        "flake-compat": "flake-compat",
        "nixpkgs": "nixpkgs",
        "utils": "utils"
      },
      "locked": {
        "lastModified": 1770019181,
        "narHash": "sha256-hwsYgDnby50JNVpTRYlF3UR/Rrpt01OrxVuryF40CFY=",
        "owner": "serokell",
        "repo": "deploy-rs",
        "rev": "77c906c0ba56aabdbc72041bf9111b565cdd6171",
        "type": "github"
      },
      "original": {
        "owner": "serokell",
        "repo": "deploy-rs",
        "type": "github"
      }
    },
    "flake-compat": {
      "flake": false,
      "locked": {
        "lastModified": 1733328505,
        "narHash": "sha256-NeCCThCEP3eCl2l/+27kNNK7QrwZB1IJCrXfrbv5oqU=",
        "owner": "edolstra",
        "repo": "flake-compat",
        "rev": "ff81ac966bb2cae68946d5ed5fc4994f96d0ffec",
        "type": "github"
      },
      "original": {
        "owner": "edolstra",
        "repo": "flake-compat",
        "type": "github"
      }
    },
    "flake-utils": {
      "inputs": {
        "systems": "systems_2"
      },
      "locked": {
        "lastModified": 1731533236,
        "narHash": "sha256-l0KFg5HjrsfsO/JpG+r7fRrqm12kzFHyUHqHCVpMMbI=",
        "owner": "numtide",
        "repo": "flake-utils",
        "rev": "11707dc2f618dd54ca8739b309ec4fc024de578b",
        "type": "github"
      },
      "original": {
        "owner": "numtide",
        "repo": "flake-utils",
        "type": "github"
      }
    },
    "home-manager": {
      "inputs": {
        "nixpkgs": [
          "agenix",
          "nixpkgs"
        ]
      },
      "locked": {
        "lastModified": 1745494811,
        "narHash": "sha256-YZCh2o9Ua1n9uCvrvi5pRxtuVNml8X2a03qIFfRKpFs=",
        "owner": "nix-community",
        "repo": "home-manager",
        "rev": "abfad3d2958c9e6300a883bd443512c55dfeb1be",
        "type": "github"
      },
      "original": {
        "owner": "nix-community",
        "repo": "home-manager",
        "type": "github"
      }
    },
    "home-manager_2": {
      "inputs": {
        "nixpkgs": [
          "nixpkgs"
        ]
      },
      "locked": {
        "lastModified": 1779213149,
        "narHash": "sha256-Cf+p/T4Z3n9Sw0TiR3kQaIwQI+/hfvLJcoTzeq6yS3E=",
        "owner": "nix-community",
        "repo": "home-manager",
        "rev": "bd868f769a69d3b6091a1da68a75cb83a181033c",
        "type": "github"
      },
      "original": {
        "owner": "nix-community",
        "repo": "home-manager",
        "type": "github"
      }
    },
    "nixpkgs": {
      "locked": {
        "lastModified": 1743014863,
        "narHash": "sha256-jAIUqsiN2r3hCuHji80U7NNEafpIMBXiwKlSrjWMlpg=",
        "owner": "NixOS",
        "repo": "nixpkgs",
        "rev": "bd3bac8bfb542dbde7ffffb6987a1a1f9d41699f",
        "type": "github"
      },
      "original": {
        "owner": "NixOS",
        "ref": "nixpkgs-unstable",
        "repo": "nixpkgs",
        "type": "github"
      }
    },
    "nixpkgs_2": {
      "locked": {
        "lastModified": 1783776592,
        "narHash": "sha256-UgCQzxeWI75XM8G+hPrPh+MKzEPjG3SpAj7dtqSbksA=",
        "owner": "nixos",
        "repo": "nixpkgs",
        "rev": "e7a3ca8092b61ff85b6a45bf863ea2b2d6a661b3",
        "type": "github"
      },
      "original": {
        "owner": "nixos",
        "repo": "nixpkgs",
        "rev": "e7a3ca8092b61ff85b6a45bf863ea2b2d6a661b3",
        "type": "github"
      }
    },
    "pi-skills": {
      "flake": false,
      "locked": {
        "lastModified": 1780777676,
        "narHash": "sha256-NcaMKdbADZhlnEMTl3pQON9WayBdCjFRHH+dBNOJ+mk=",
        "owner": "badlogic",
        "repo": "pi-skills",
        "rev": "90bb51cae36515a648515b633a81c0c6efc8c74d",
        "type": "github"
      },
      "original": {
        "owner": "badlogic",
        "repo": "pi-skills",
        "type": "github"
      }
    },
    "root": {
      "inputs": {
        "agenix": "agenix",
        "anthropic-skills": "anthropic-skills",
        "cavemacs": "cavemacs",
        "caveman-skill": "caveman-skill",
        "deploy-rs": "deploy-rs",
        "home-manager": "home-manager_2",
        "nixpkgs": "nixpkgs_2",
        "pi-skills": "pi-skills"
      }
    },
    "systems": {
      "locked": {
        "lastModified": 1681028828,
        "narHash": "sha256-Vy1rq5AaRuLzOxct8nz4T6wlgyUR7zLU309k9mBC768=",
        "owner": "nix-systems",
        "repo": "default",
        "rev": "da67096a3b9bf56a91d16901293e51ba5b49a27e",
        "type": "github"
      },
      "original": {
        "owner": "nix-systems",
        "repo": "default",
        "type": "github"
      }
    },
    "systems_2": {
      "locked": {
        "lastModified": 1681028828,
        "narHash": "sha256-Vy1rq5AaRuLzOxct8nz4T6wlgyUR7zLU309k9mBC768=",
        "owner": "nix-systems",
        "repo": "default",
        "rev": "da67096a3b9bf56a91d16901293e51ba5b49a27e",
        "type": "github"
      },
      "original": {
        "owner": "nix-systems",
        "repo": "default",
        "type": "github"
      }
    },
    "systems_3": {
      "locked": {
        "lastModified": 1681028828,
        "narHash": "sha256-Vy1rq5AaRuLzOxct8nz4T6wlgyUR7zLU309k9mBC768=",
        "owner": "nix-systems",
        "repo": "default",
        "rev": "da67096a3b9bf56a91d16901293e51ba5b49a27e",
        "type": "github"
      },
      "original": {
        "owner": "nix-systems",
        "repo": "default",
        "type": "github"
      }
    },
    "utils": {
      "inputs": {
        "systems": "systems_3"
      },
      "locked": {
        "lastModified": 1731533236,
        "narHash": "sha256-l0KFg5HjrsfsO/JpG+r7fRrqm12kzFHyUHqHCVpMMbI=",
        "owner": "numtide",
        "repo": "flake-utils",
        "rev": "11707dc2f618dd54ca8739b309ec4fc024de578b",
        "type": "github"
      },
      "original": {
        "owner": "numtide",
        "repo": "flake-utils",
        "type": "github"
      }
    }
  },
  "root": "root",
  "version": 7
}
